
Microsoft Visual Studio Solution File, Format Version 12.00
# Visual Studio Version 17
VisualStudioVersion = 17.6.33927.249
MinimumVisualStudioVersion = 10.0.40219.1
Project("{FAE04EC0-301F-11D3-BF4B-00C04F79EFBC}") = "Portfoy", "Portfoy\Portfoy.csproj", "{6FEEBDD2-EA3C-4E35-97CD-4CEBCFE16A84}"
EndProject
Global
	GlobalSection(SolutionConfigurationPlatforms) = preSolution
		Debug|Any CPU = Debug|Any CPU
		Release|Any CPU = Release|Any CPU
	EndGlobalSection
	GlobalSection(ProjectConfigurationPlatforms) = postSolution
		{6FEEBDD2-EA3C-4E35-97CD-4CEBCFE16A84}.Debug|Any CPU.ActiveCfg = Debug|Any CPU
		{6FEEBDD2-EA3C-4E35-97CD-4CEBCFE16A84}.Debug|Any CPU.Build.0 = Debug|Any CPU
		{6FEEBDD2-EA3C-4E35-97CD-4CEBCFE16A84}.Release|Any CPU.ActiveCfg = Release|Any CPU
		{6FEEBDD2-EA3C-4E35-97CD-4CEBCFE16A84}.Release|Any CPU.Build.0 = Release|Any CPU
	EndGlobalSection
	GlobalSection(SolutionProperties) = preSolution
		HideSolutionNode = FALSE
	EndGlobalSection
	GlobalSection(ExtensibilityGlobals) = postSolution
		SolutionGuid = {971DF37B-C277-41BE-B471-110EF5B918C3}
	EndGlobalSection
EndGlobal
